
Microsoft Visual Studio Solution File, Format Version 12.00
# Visual Studio Version 17
VisualStudioVersion = 17.8.34330.188
MinimumVisualStudioVersion = 10.0.40219.1
Project("{FAE04EC0-301F-11D3-BF4B-00C04F79EFBC}") = "PC Builder", "PC Builder.csproj", "{83B9DDB4-AF2F-43F5-928D-9864A268C1E1}"
EndProject
Global
	GlobalSection(SolutionConfigurationPlatforms) = preSolution
		Debug|Any CPU = Debug|Any CPU
		Release|Any CPU = Release|Any CPU
	EndGlobalSection
	GlobalSection(ProjectConfigurationPlatforms) = postSolution
		{83B9DDB4-AF2F-43F5-928D-9864A268C1E1}.Debug|Any CPU.ActiveCfg = Debug|Any CPU
		{83B9DDB4-AF2F-43F5-928D-9864A268C1E1}.Debug|Any CPU.Build.0 = Debug|Any CPU
		{83B9DDB4-AF2F-43F5-928D-9864A268C1E1}.Release|Any CPU.ActiveCfg = Release|Any CPU
		{83B9DDB4-AF2F-43F5-928D-9864A268C1E1}.Release|Any CPU.Build.0 = Release|Any CPU
	EndGlobalSection
	GlobalSection(SolutionProperties) = preSolution
		HideSolutionNode = FALSE
	EndGlobalSection
	GlobalSection(ExtensibilityGlobals) = postSolution
		SolutionGuid = {30C6BD5F-53C2-4363-A17E-232A6432AAA8}
	EndGlobalSection
EndGlobal
